
Microsoft Visual Studio Solution File, Format Version 12.00
# Visual Studio 14
VisualStudioVersion = 14.0.24720.0
MinimumVisualStudioVersion = 10.0.40219.1
Project("{FAE04EC0-301F-11D3-BF4B-00C04F79EFBC}") = "DemoApp", "DemoApp\DemoApp.csproj", "{8A170D95-12D4-401E-8014-507B2D798656}"
EndProject
Project("{FAE04EC0-301F-11D3-BF4B-00C04F79EFBC}") = "EmailJob", "EmailJob\EmailJob.csproj", "{F68F252F-B793-4982-A306-0C7EB9069257}"
EndProject
Global
	GlobalSection(SolutionConfigurationPlatforms) = preSolution
		Debug|Any CPU = Debug|Any CPU
		Release|Any CPU = Release|Any CPU
	EndGlobalSection
	GlobalSection(ProjectConfigurationPlatforms) = postSolution
		{8A170D95-12D4-401E-8014-507B2D798656}.Debug|Any CPU.ActiveCfg = Debug|Any CPU
		{8A170D95-12D4-401E-8014-507B2D798656}.Debug|Any CPU.Build.0 = Debug|Any CPU
		{8A170D95-12D4-401E-8014-507B2D798656}.Release|Any CPU.ActiveCfg = Release|Any CPU
		{8A170D95-12D4-401E-8014-507B2D798656}.Release|Any CPU.Build.0 = Release|Any CPU
		{F68F252F-B793-4982-A306-0C7EB9069257}.Debug|Any CPU.ActiveCfg = Debug|Any CPU
		{F68F252F-B793-4982-A306-0C7EB9069257}.Debug|Any CPU.Build.0 = Debug|Any CPU
		{F68F252F-B793-4982-A306-0C7EB9069257}.Release|Any CPU.ActiveCfg = Release|Any CPU
		{F68F252F-B793-4982-A306-0C7EB9069257}.Release|Any CPU.Build.0 = Release|Any CPU
	EndGlobalSection
	GlobalSection(SolutionProperties) = preSolution
		HideSolutionNode = FALSE
	EndGlobalSection
EndGlobal
